{
  "name": "deoxidizer-release-tools",
  "version": "0.1.0",
  "lockfileVersion": 3,
  "requires": true,
  "packages": {
    "": {
      "name": "deoxidizer-release-tools",
      "version": "0.1.0",
      "license": "GPL-3.0-or-later",
      "engines": {
        "node": ">=22.22.2 <27",
        "npm": ">=11.19.0 <13"
      }
    }
  }
}
